// !$*UTF8*$!
{
	archiveVersion = 1;
	classes = {
	};
	objectVersion = 50;
	objects = {

/* Begin PBXFileReference section */
		DF531A9F23297131006227F5 /* config.plist */ = {isa = PBXFileReference; lastKnownFileType = text.plist.xml; path = config.plist; sourceTree = "<group>"; };
		DF531AA023297132006227F5 /* SSDT-T440.aml */ = {isa = PBXFileReference; lastKnownFileType = file; path = "SSDT-T440.aml"; sourceTree = "<group>"; };
		DF531AA123297132006227F5 /* Themes */ = {isa = PBXFileReference; lastKnownFileType = folder; path = Themes; sourceTree = "<group>"; };
		DF531AA223297132006227F5 /* hotpatch */ = {isa = PBXFileReference; lastKnownFileType = folder; path = hotpatch; sourceTree = "<group>"; };
		DF531AA323297132006227F5 /* kexts */ = {isa = PBXFileReference; lastKnownFileType = folder; path = kexts; sourceTree = "<group>"; };
		DF531AA423297132006227F5 /* Audio */ = {isa = PBXFileReference; lastKnownFileType = folder; path = Audio; sourceTree = "<group>"; };
/* End PBXFileReference section */

/* Begin PBXGroup section */
		DF531A982329711D006227F5 = {
			isa = PBXGroup;
			children = (
				DF531AA123297132006227F5 /* Themes */,
				DF531AA423297132006227F5 /* Audio */,
				DF531AA223297132006227F5 /* hotpatch */,
				DF531AA323297132006227F5 /* kexts */,
				DF531AA023297132006227F5 /* SSDT-T440.aml */,
				DF531A9F23297131006227F5 /* config.plist */,
			);
			sourceTree = "<group>";
		};
/* End PBXGroup section */

/* Begin PBXProject section */
		DF531A992329711D006227F5 /* Project object */ = {
			isa = PBXProject;
			attributes = {
				LastUpgradeCheck = 1030;
			};
			buildConfigurationList = DF531A9C2329711D006227F5 /* Build configuration list for PBXProject "Lenovo-Thinkpad-T440" */;
			compatibilityVersion = "Xcode 9.3";
			developmentRegion = en;
			hasScannedForEncodings = 0;
			knownRegions = (
				en,
			);
			mainGroup = DF531A982329711D006227F5;
			projectDirPath = "";
			projectRoot = "";
			targets = (
			);
		};
/* End PBXProject section */

/* Begin XCBuildConfiguration section */
		DF531A9D2329711D006227F5 /* Debug */ = {
			isa = XCBuildConfiguration;
			buildSettings = {
			};
			name = Debug;
		};
		DF531A9E2329711D006227F5 /* Release */ = {
			isa = XCBuildConfiguration;
			buildSettings = {
			};
			name = Release;
		};
/* End XCBuildConfiguration section */

/* Begin XCConfigurationList section */
		DF531A9C2329711D006227F5 /* Build configuration list for PBXProject "Lenovo-Thinkpad-T440" */ = {
			isa = XCConfigurationList;
			buildConfigurations = (
				DF531A9D2329711D006227F5 /* Debug */,
				DF531A9E2329711D006227F5 /* Release */,
			);
			defaultConfigurationIsVisible = 0;
			defaultConfigurationName = Release;
		};
/* End XCConfigurationList section */
	};
	rootObject = DF531A992329711D006227F5 /* Project object */;
}
